
Microsoft Visual Studio Solution File, Format Version 12.00
# Visual Studio Version 17
VisualStudioVersion = 17.12.35527.113
MinimumVisualStudioVersion = 10.0.40219.1
Project("{FAE04EC0-301F-11D3-BF4B-00C04F79EFBC}") = "PerfConverter", "PerfConverter\PerfConverter.csproj", "{4FCC1249-59B7-483F-AC37-D49E1504FB10}"
EndProject
Project("{2150E333-8FDC-42A3-9474-1A3956D46DE8}") = "native", "native", "{AE00F4C7-574E-4DDB-BDC5-05666F529086}"
	ProjectSection(SolutionItems) = preProject
		native\exports.c = native\exports.c
	EndProjectSection
EndProject
Project("{FAE04EC0-301F-11D3-BF4B-00C04F79EFBC}") = "HelloWorld", "HelloWorld\HelloWorld.csproj", "{B2360234-FD6E-4E2A-83E9-96BEAED497C9}"
EndProject
Project("{2150E333-8FDC-42A3-9474-1A3956D46DE8}") = "Solution Items", "Solution Items", "{B9CBE290-034C-4EB4-955B-A7A1D155EAB3}"
	ProjectSection(SolutionItems) = preProject
		.editorconfig = .editorconfig
	EndProjectSection
EndProject
Project("{FAE04EC0-301F-11D3-BF4B-00C04F79EFBC}") = "PostProcess", "PostProcess\PostProcess.csproj", "{5B8CD1C1-5D6B-4F91-A918-0DBF2ACF7C6E}"
EndProject
Project("{FAE04EC0-301F-11D3-BF4B-00C04F79EFBC}") = "Temp.Schema", "Temp.Schema\Temp.Schema.csproj", "{74811C56-AC1C-46F8-B448-EFAEA45BABC4}"
EndProject
Project("{FAE04EC0-301F-11D3-BF4B-00C04F79EFBC}") = "CLI", "CLI\CLI.csproj", "{2633A7E9-8FF6-4365-9EB3-7C7FB3D2D503}"
EndProject
Project("{2150E333-8FDC-42A3-9474-1A3956D46DE8}") = "Tests", "Tests", "{E7C5C91E-8B2F-4B3E-8C1D-9A5B6D4E2F3C}"
EndProject
Project("{FAE04EC0-301F-11D3-BF4B-00C04F79EFBC}") = "Temp.Core.Tests", "tests\Temp.Core.Tests\Temp.Core.Tests.csproj", "{A1B2C3D4-E5F6-7890-ABCD-EF1234567890}"
EndProject
Project("{FAE04EC0-301F-11D3-BF4B-00C04F79EFBC}") = "PerfConverter.Tests", "tests\PerfConverter.Tests\PerfConverter.Tests.csproj", "{B1C2D3E4-F5G6-7890-BCDE-F01234567891}"
EndProject
Project("{FAE04EC0-301F-11D3-BF4B-00C04F79EFBC}") = "CLI.Tests", "tests\CLI.Tests\CLI.Tests.csproj", "{C1D2E3F4-G5H6-7890-CDEF-012345678902}"
EndProject
Project("{FAE04EC0-301F-11D3-BF4B-00C04F79EFBC}") = "Integration.Tests", "tests\Integration.Tests\Integration.Tests.csproj", "{D1E2F3G4-H5I6-7890-DEF0-123456789013}"
EndProject
Global
	GlobalSection(SolutionConfigurationPlatforms) = preSolution
		Debug|Any CPU = Debug|Any CPU
		Debug|x64 = Debug|x64
		Debug|x86 = Debug|x86
		Release|Any CPU = Release|Any CPU
		Release|x64 = Release|x64
		Release|x86 = Release|x86
	EndGlobalSection
	GlobalSection(ProjectConfigurationPlatforms) = postSolution
		{4FCC1249-59B7-483F-AC37-D49E1504FB10}.Debug|Any CPU.ActiveCfg = Debug|Any CPU
		{4FCC1249-59B7-483F-AC37-D49E1504FB10}.Debug|Any CPU.Build.0 = Debug|Any CPU
		{4FCC1249-59B7-483F-AC37-D49E1504FB10}.Debug|x64.ActiveCfg = Debug|Any CPU
		{4FCC1249-59B7-483F-AC37-D49E1504FB10}.Debug|x64.Build.0 = Debug|Any CPU
		{4FCC1249-59B7-483F-AC37-D49E1504FB10}.Debug|x86.ActiveCfg = Debug|Any CPU
		{4FCC1249-59B7-483F-AC37-D49E1504FB10}.Debug|x86.Build.0 = Debug|Any CPU
		{4FCC1249-59B7-483F-AC37-D49E1504FB10}.Release|Any CPU.ActiveCfg = Release|Any CPU
		{4FCC1249-59B7-483F-AC37-D49E1504FB10}.Release|Any CPU.Build.0 = Release|Any CPU
		{4FCC1249-59B7-483F-AC37-D49E1504FB10}.Release|x64.ActiveCfg = Release|Any CPU
		{4FCC1249-59B7-483F-AC37-D49E1504FB10}.Release|x64.Build.0 = Release|Any CPU
		{4FCC1249-59B7-483F-AC37-D49E1504FB10}.Release|x86.ActiveCfg = Release|Any CPU
		{4FCC1249-59B7-483F-AC37-D49E1504FB10}.Release|x86.Build.0 = Release|Any CPU
		{B2360234-FD6E-4E2A-83E9-96BEAED497C9}.Debug|Any CPU.ActiveCfg = Debug|Any CPU
		{B2360234-FD6E-4E2A-83E9-96BEAED497C9}.Debug|Any CPU.Build.0 = Debug|Any CPU
		{B2360234-FD6E-4E2A-83E9-96BEAED497C9}.Debug|x64.ActiveCfg = Debug|Any CPU
		{B2360234-FD6E-4E2A-83E9-96BEAED497C9}.Debug|x64.Build.0 = Debug|Any CPU
		{B2360234-FD6E-4E2A-83E9-96BEAED497C9}.Debug|x86.ActiveCfg = Debug|Any CPU
		{B2360234-FD6E-4E2A-83E9-96BEAED497C9}.Debug|x86.Build.0 = Debug|Any CPU
		{B2360234-FD6E-4E2A-83E9-96BEAED497C9}.Release|Any CPU.ActiveCfg = Release|Any CPU
		{B2360234-FD6E-4E2A-83E9-96BEAED497C9}.Release|Any CPU.Build.0 = Release|Any CPU
		{B2360234-FD6E-4E2A-83E9-96BEAED497C9}.Release|x64.ActiveCfg = Release|Any CPU
		{B2360234-FD6E-4E2A-83E9-96BEAED497C9}.Release|x64.Build.0 = Release|Any CPU
		{B2360234-FD6E-4E2A-83E9-96BEAED497C9}.Release|x86.ActiveCfg = Release|Any CPU
		{B2360234-FD6E-4E2A-83E9-96BEAED497C9}.Release|x86.Build.0 = Release|Any CPU
		{5B8CD1C1-5D6B-4F91-A918-0DBF2ACF7C6E}.Debug|Any CPU.ActiveCfg = Debug|Any CPU
		{5B8CD1C1-5D6B-4F91-A918-0DBF2ACF7C6E}.Debug|Any CPU.Build.0 = Debug|Any CPU
		{5B8CD1C1-5D6B-4F91-A918-0DBF2ACF7C6E}.Debug|x64.ActiveCfg = Debug|Any CPU
		{5B8CD1C1-5D6B-4F91-A918-0DBF2ACF7C6E}.Debug|x64.Build.0 = Debug|Any CPU
		{5B8CD1C1-5D6B-4F91-A918-0DBF2ACF7C6E}.Debug|x86.ActiveCfg = Debug|Any CPU
		{5B8CD1C1-5D6B-4F91-A918-0DBF2ACF7C6E}.Debug|x86.Build.0 = Debug|Any CPU
		{5B8CD1C1-5D6B-4F91-A918-0DBF2ACF7C6E}.Release|Any CPU.ActiveCfg = Release|Any CPU
		{5B8CD1C1-5D6B-4F91-A918-0DBF2ACF7C6E}.Release|Any CPU.Build.0 = Release|Any CPU
		{5B8CD1C1-5D6B-4F91-A918-0DBF2ACF7C6E}.Release|x64.ActiveCfg = Release|Any CPU
		{5B8CD1C1-5D6B-4F91-A918-0DBF2ACF7C6E}.Release|x64.Build.0 = Release|Any CPU
		{5B8CD1C1-5D6B-4F91-A918-0DBF2ACF7C6E}.Release|x86.ActiveCfg = Release|Any CPU
		{5B8CD1C1-5D6B-4F91-A918-0DBF2ACF7C6E}.Release|x86.Build.0 = Release|Any CPU
		{74811C56-AC1C-46F8-B448-EFAEA45BABC4}.Debug|Any CPU.ActiveCfg = Debug|Any CPU
		{74811C56-AC1C-46F8-B448-EFAEA45BABC4}.Debug|Any CPU.Build.0 = Debug|Any CPU
		{74811C56-AC1C-46F8-B448-EFAEA45BABC4}.Debug|x64.ActiveCfg = Debug|Any CPU
		{74811C56-AC1C-46F8-B448-EFAEA45BABC4}.Debug|x64.Build.0 = Debug|Any CPU
		{74811C56-AC1C-46F8-B448-EFAEA45BABC4}.Debug|x86.ActiveCfg = Debug|Any CPU
		{74811C56-AC1C-46F8-B448-EFAEA45BABC4}.Debug|x86.Build.0 = Debug|Any CPU
		{74811C56-AC1C-46F8-B448-EFAEA45BABC4}.Release|Any CPU.ActiveCfg = Release|Any CPU
		{74811C56-AC1C-46F8-B448-EFAEA45BABC4}.Release|Any CPU.Build.0 = Release|Any CPU
		{74811C56-AC1C-46F8-B448-EFAEA45BABC4}.Release|x64.ActiveCfg = Release|Any CPU
		{74811C56-AC1C-46F8-B448-EFAEA45BABC4}.Release|x64.Build.0 = Release|Any CPU
		{74811C56-AC1C-46F8-B448-EFAEA45BABC4}.Release|x86.ActiveCfg = Release|Any CPU
		{74811C56-AC1C-46F8-B448-EFAEA45BABC4}.Release|x86.Build.0 = Release|Any CPU
		{2633A7E9-8FF6-4365-9EB3-7C7FB3D2D503}.Debug|Any CPU.ActiveCfg = Debug|Any CPU
		{2633A7E9-8FF6-4365-9EB3-7C7FB3D2D503}.Debug|Any CPU.Build.0 = Debug|Any CPU
		{2633A7E9-8FF6-4365-9EB3-7C7FB3D2D503}.Debug|x64.ActiveCfg = Debug|Any CPU
		{2633A7E9-8FF6-4365-9EB3-7C7FB3D2D503}.Debug|x64.Build.0 = Debug|Any CPU
		{2633A7E9-8FF6-4365-9EB3-7C7FB3D2D503}.Debug|x86.ActiveCfg = Debug|Any CPU
		{2633A7E9-8FF6-4365-9EB3-7C7FB3D2D503}.Debug|x86.Build.0 = Debug|Any CPU
		{2633A7E9-8FF6-4365-9EB3-7C7FB3D2D503}.Release|Any CPU.ActiveCfg = Release|Any CPU
		{2633A7E9-8FF6-4365-9EB3-7C7FB3D2D503}.Release|Any CPU.Build.0 = Release|Any CPU
		{2633A7E9-8FF6-4365-9EB3-7C7FB3D2D503}.Release|x64.ActiveCfg = Release|Any CPU
		{2633A7E9-8FF6-4365-9EB3-7C7FB3D2D503}.Release|x64.Build.0 = Release|Any CPU
		{2633A7E9-8FF6-4365-9EB3-7C7FB3D2D503}.Release|x86.ActiveCfg = Release|Any CPU
		{2633A7E9-8FF6-4365-9EB3-7C7FB3D2D503}.Release|x86.Build.0 = Release|Any CPU
		{A1B2C3D4-E5F6-7890-ABCD-EF1234567890}.Debug|Any CPU.ActiveCfg = Debug|Any CPU
		{A1B2C3D4-E5F6-7890-ABCD-EF1234567890}.Debug|Any CPU.Build.0 = Debug|Any CPU
		{A1B2C3D4-E5F6-7890-ABCD-EF1234567890}.Debug|x64.ActiveCfg = Debug|Any CPU
		{A1B2C3D4-E5F6-7890-ABCD-EF1234567890}.Debug|x64.Build.0 = Debug|Any CPU
		{A1B2C3D4-E5F6-7890-ABCD-EF1234567890}.Debug|x86.ActiveCfg = Debug|Any CPU
		{A1B2C3D4-E5F6-7890-ABCD-EF1234567890}.Debug|x86.Build.0 = Debug|Any CPU
		{A1B2C3D4-E5F6-7890-ABCD-EF1234567890}.Release|Any CPU.ActiveCfg = Release|Any CPU
		{A1B2C3D4-E5F6-7890-ABCD-EF1234567890}.Release|Any CPU.Build.0 = Release|Any CPU
		{A1B2C3D4-E5F6-7890-ABCD-EF1234567890}.Release|x64.ActiveCfg = Release|Any CPU
		{A1B2C3D4-E5F6-7890-ABCD-EF1234567890}.Release|x64.Build.0 = Release|Any CPU
		{A1B2C3D4-E5F6-7890-ABCD-EF1234567890}.Release|x86.ActiveCfg = Release|Any CPU
		{A1B2C3D4-E5F6-7890-ABCD-EF1234567890}.Release|x86.Build.0 = Release|Any CPU
		{B1C2D3E4-F5G6-7890-BCDE-F01234567891}.Debug|Any CPU.ActiveCfg = Debug|Any CPU
		{B1C2D3E4-F5G6-7890-BCDE-F01234567891}.Debug|Any CPU.Build.0 = Debug|Any CPU
		{B1C2D3E4-F5G6-7890-BCDE-F01234567891}.Debug|x64.ActiveCfg = Debug|Any CPU
		{B1C2D3E4-F5G6-7890-BCDE-F01234567891}.Debug|x64.Build.0 = Debug|Any CPU
		{B1C2D3E4-F5G6-7890-BCDE-F01234567891}.Debug|x86.ActiveCfg = Debug|Any CPU
		{B1C2D3E4-F5G6-7890-BCDE-F01234567891}.Debug|x86.Build.0 = Debug|Any CPU
		{B1C2D3E4-F5G6-7890-BCDE-F01234567891}.Release|Any CPU.ActiveCfg = Release|Any CPU
		{B1C2D3E4-F5G6-7890-BCDE-F01234567891}.Release|Any CPU.Build.0 = Release|Any CPU
		{B1C2D3E4-F5G6-7890-BCDE-F01234567891}.Release|x64.ActiveCfg = Release|Any CPU
		{B1C2D3E4-F5G6-7890-BCDE-F01234567891}.Release|x64.Build.0 = Release|Any CPU
		{B1C2D3E4-F5G6-7890-BCDE-F01234567891}.Release|x86.ActiveCfg = Release|Any CPU
		{B1C2D3E4-F5G6-7890-BCDE-F01234567891}.Release|x86.Build.0 = Release|Any CPU
		{C1D2E3F4-G5H6-7890-CDEF-012345678902}.Debug|Any CPU.ActiveCfg = Debug|Any CPU
		{C1D2E3F4-G5H6-7890-CDEF-012345678902}.Debug|Any CPU.Build.0 = Debug|Any CPU
		{C1D2E3F4-G5H6-7890-CDEF-012345678902}.Debug|x64.ActiveCfg = Debug|Any CPU
		{C1D2E3F4-G5H6-7890-CDEF-012345678902}.Debug|x64.Build.0 = Debug|Any CPU
		{C1D2E3F4-G5H6-7890-CDEF-012345678902}.Debug|x86.ActiveCfg = Debug|Any CPU
		{C1D2E3F4-G5H6-7890-CDEF-012345678902}.Debug|x86.Build.0 = Debug|Any CPU
		{C1D2E3F4-G5H6-7890-CDEF-012345678902}.Release|Any CPU.ActiveCfg = Release|Any CPU
		{C1D2E3F4-G5H6-7890-CDEF-012345678902}.Release|Any CPU.Build.0 = Release|Any CPU
		{C1D2E3F4-G5H6-7890-CDEF-012345678902}.Release|x64.ActiveCfg = Release|Any CPU
		{C1D2E3F4-G5H6-7890-CDEF-012345678902}.Release|x64.Build.0 = Release|Any CPU
		{C1D2E3F4-G5H6-7890-CDEF-012345678902}.Release|x86.ActiveCfg = Release|Any CPU
		{C1D2E3F4-G5H6-7890-CDEF-012345678902}.Release|x86.Build.0 = Release|Any CPU
		{D1E2F3G4-H5I6-7890-DEF0-123456789013}.Debug|Any CPU.ActiveCfg = Debug|Any CPU
		{D1E2F3G4-H5I6-7890-DEF0-123456789013}.Debug|Any CPU.Build.0 = Debug|Any CPU
		{D1E2F3G4-H5I6-7890-DEF0-123456789013}.Debug|x64.ActiveCfg = Debug|Any CPU
		{D1E2F3G4-H5I6-7890-DEF0-123456789013}.Debug|x64.Build.0 = Debug|Any CPU
		{D1E2F3G4-H5I6-7890-DEF0-123456789013}.Debug|x86.ActiveCfg = Debug|Any CPU
		{D1E2F3G4-H5I6-7890-DEF0-123456789013}.Debug|x86.Build.0 = Debug|Any CPU
		{D1E2F3G4-H5I6-7890-DEF0-123456789013}.Release|Any CPU.ActiveCfg = Release|Any CPU
		{D1E2F3G4-H5I6-7890-DEF0-123456789013}.Release|Any CPU.Build.0 = Release|Any CPU
		{D1E2F3G4-H5I6-7890-DEF0-123456789013}.Release|x64.ActiveCfg = Release|Any CPU
		{D1E2F3G4-H5I6-7890-DEF0-123456789013}.Release|x64.Build.0 = Release|Any CPU
		{D1E2F3G4-H5I6-7890-DEF0-123456789013}.Release|x86.ActiveCfg = Release|Any CPU
		{D1E2F3G4-H5I6-7890-DEF0-123456789013}.Release|x86.Build.0 = Release|Any CPU
	EndGlobalSection
	GlobalSection(SolutionProperties) = preSolution
		HideSolutionNode = FALSE
	EndGlobalSection
	GlobalSection(NestedProjects) = preSolution
		{A1B2C3D4-E5F6-7890-ABCD-EF1234567890} = {E7C5C91E-8B2F-4B3E-8C1D-9A5B6D4E2F3C}
		{B1C2D3E4-F5G6-7890-BCDE-F01234567891} = {E7C5C91E-8B2F-4B3E-8C1D-9A5B6D4E2F3C}
		{C1D2E3F4-G5H6-7890-CDEF-012345678902} = {E7C5C91E-8B2F-4B3E-8C1D-9A5B6D4E2F3C}
		{D1E2F3G4-H5I6-7890-DEF0-123456789013} = {E7C5C91E-8B2F-4B3E-8C1D-9A5B6D4E2F3C}
	EndGlobalSection
	GlobalSection(ExtensibilityGlobals) = postSolution
		SolutionGuid = {CC2323F0-D9DD-4841-BA97-5F10C426F938}
	EndGlobalSection
EndGlobal
