
Microsoft Visual Studio Solution File, Format Version 12.00
# Visual Studio Version 18
VisualStudioVersion = 18.0.11010.61
MinimumVisualStudioVersion = 10.0.40219.1
Project("{FAE04EC0-301F-11D3-BF4B-00C04F79EFBC}") = "PerfConverter", "PerfConverter\PerfConverter.csproj", "{4FCC1249-59B7-483F-AC37-D49E1504FB10}"
EndProject
Project("{2150E333-8FDC-42A3-9474-1A3956D46DE8}") = "native", "native", "{AE00F4C7-574E-4DDB-BDC5-05666F529086}"
	ProjectSection(SolutionItems) = preProject
		native\exports.c = native\exports.c
	EndProjectSection
EndProject
Project("{FAE04EC0-301F-11D3-BF4B-00C04F79EFBC}") = "HelloWorld", "HelloWorld\HelloWorld.csproj", "{B2360234-FD6E-4E2A-83E9-96BEAED497C9}"
EndProject
Project("{2150E333-8FDC-42A3-9474-1A3956D46DE8}") = "Solution Items", "Solution Items", "{B9CBE290-034C-4EB4-955B-A7A1D155EAB3}"
	ProjectSection(SolutionItems) = preProject
		.editorconfig = .editorconfig
	EndProjectSection
EndProject
Project("{FAE04EC0-301F-11D3-BF4B-00C04F79EFBC}") = "Temp.Schema", "Temp.Schema\Temp.Schema.csproj", "{74811C56-AC1C-46F8-B448-EFAEA45BABC4}"
EndProject
Project("{FAE04EC0-301F-11D3-BF4B-00C04F79EFBC}") = "CLI", "CLI\CLI.csproj", "{2633A7E9-8FF6-4365-9EB3-7C7FB3D2D503}"
EndProject
Project("{FAE04EC0-301F-11D3-BF4B-00C04F79EFBC}") = "PerfToPerfetto", "PerfToPerfetto\PerfToPerfetto.csproj", "{A1B2C3D4-E5F6-7890-ABCD-1234567890EF}"
EndProject
Project("{FAE04EC0-301F-11D3-BF4B-00C04F79EFBC}") = "Perfetto.Protos", "Perfetto.Protos\Perfetto.Protos.csproj", "{FA057653-36E3-4B0A-805B-4BA75024CA5E}"
EndProject
Project("{FAE04EC0-301F-11D3-BF4B-00C04F79EFBC}") = "Temp.Schema.Tests", "Temp.Schema.Tests\Temp.Schema.Tests.csproj", "{13E4A42D-7232-45D0-B393-CB08926F92DF}"
EndProject
Project("{FAE04EC0-301F-11D3-BF4B-00C04F79EFBC}") = "PerfCapture", "PerfCapture\PerfCapture.csproj", "{DB01186E-C00C-4C0B-9A9F-3D1BBB80D30B}"
EndProject
Project("{FAE04EC0-301F-11D3-BF4B-00C04F79EFBC}") = "StackFixer", "StackFixer\StackFixer.csproj", "{426C661D-BB8C-404E-B6A7-E0AB1BCEA243}"
EndProject
Project("{2150E333-8FDC-42A3-9474-1A3956D46DE8}") = "Plank", "Plank", "{E893100A-C549-56E8-3D30-1C099F62E66D}"
EndProject
Project("{FAE04EC0-301F-11D3-BF4B-00C04F79EFBC}") = "Plank", "Plank\Plank\Plank.csproj", "{460BE447-FAB5-4FFB-89C3-5C5872994C4F}"
EndProject
Project("{FAE04EC0-301F-11D3-BF4B-00C04F79EFBC}") = "Plank.Snappy", "Plank\Plank.Snappy\Plank.Snappy.csproj", "{A27E77BE-E079-45F8-8987-13E0814F7092}"
EndProject
Project("{FAE04EC0-301F-11D3-BF4B-00C04F79EFBC}") = "Plank.SourceGen", "Plank\Plank.SourceGen\Plank.SourceGen.csproj", "{A0C43EC0-0E39-4EB8-95C9-509565C86750}"
EndProject
Global
	GlobalSection(SolutionConfigurationPlatforms) = preSolution
		Debug|Any CPU = Debug|Any CPU
		Debug|x64 = Debug|x64
		Debug|x86 = Debug|x86
		Release|Any CPU = Release|Any CPU
		Release|x64 = Release|x64
		Release|x86 = Release|x86
	EndGlobalSection
	GlobalSection(ProjectConfigurationPlatforms) = postSolution
		{4FCC1249-59B7-483F-AC37-D49E1504FB10}.Debug|Any CPU.ActiveCfg = Debug|Any CPU
		{4FCC1249-59B7-483F-AC37-D49E1504FB10}.Debug|Any CPU.Build.0 = Debug|Any CPU
		{4FCC1249-59B7-483F-AC37-D49E1504FB10}.Debug|x64.ActiveCfg = Debug|Any CPU
		{4FCC1249-59B7-483F-AC37-D49E1504FB10}.Debug|x64.Build.0 = Debug|Any CPU
		{4FCC1249-59B7-483F-AC37-D49E1504FB10}.Debug|x86.ActiveCfg = Debug|Any CPU
		{4FCC1249-59B7-483F-AC37-D49E1504FB10}.Debug|x86.Build.0 = Debug|Any CPU
		{4FCC1249-59B7-483F-AC37-D49E1504FB10}.Release|Any CPU.ActiveCfg = Release|Any CPU
		{4FCC1249-59B7-483F-AC37-D49E1504FB10}.Release|Any CPU.Build.0 = Release|Any CPU
		{4FCC1249-59B7-483F-AC37-D49E1504FB10}.Release|x64.ActiveCfg = Release|Any CPU
		{4FCC1249-59B7-483F-AC37-D49E1504FB10}.Release|x64.Build.0 = Release|Any CPU
		{4FCC1249-59B7-483F-AC37-D49E1504FB10}.Release|x86.ActiveCfg = Release|Any CPU
		{4FCC1249-59B7-483F-AC37-D49E1504FB10}.Release|x86.Build.0 = Release|Any CPU
		{B2360234-FD6E-4E2A-83E9-96BEAED497C9}.Debug|Any CPU.ActiveCfg = Debug|Any CPU
		{B2360234-FD6E-4E2A-83E9-96BEAED497C9}.Debug|Any CPU.Build.0 = Debug|Any CPU
		{B2360234-FD6E-4E2A-83E9-96BEAED497C9}.Debug|x64.ActiveCfg = Debug|Any CPU
		{B2360234-FD6E-4E2A-83E9-96BEAED497C9}.Debug|x64.Build.0 = Debug|Any CPU
		{B2360234-FD6E-4E2A-83E9-96BEAED497C9}.Debug|x86.ActiveCfg = Debug|Any CPU
		{B2360234-FD6E-4E2A-83E9-96BEAED497C9}.Debug|x86.Build.0 = Debug|Any CPU
		{B2360234-FD6E-4E2A-83E9-96BEAED497C9}.Release|Any CPU.ActiveCfg = Release|Any CPU
		{B2360234-FD6E-4E2A-83E9-96BEAED497C9}.Release|Any CPU.Build.0 = Release|Any CPU
		{B2360234-FD6E-4E2A-83E9-96BEAED497C9}.Release|x64.ActiveCfg = Release|Any CPU
		{B2360234-FD6E-4E2A-83E9-96BEAED497C9}.Release|x64.Build.0 = Release|Any CPU
		{B2360234-FD6E-4E2A-83E9-96BEAED497C9}.Release|x86.ActiveCfg = Release|Any CPU
		{B2360234-FD6E-4E2A-83E9-96BEAED497C9}.Release|x86.Build.0 = Release|Any CPU
		{74811C56-AC1C-46F8-B448-EFAEA45BABC4}.Debug|Any CPU.ActiveCfg = Debug|Any CPU
		{74811C56-AC1C-46F8-B448-EFAEA45BABC4}.Debug|Any CPU.Build.0 = Debug|Any CPU
		{74811C56-AC1C-46F8-B448-EFAEA45BABC4}.Debug|x64.ActiveCfg = Debug|Any CPU
		{74811C56-AC1C-46F8-B448-EFAEA45BABC4}.Debug|x64.Build.0 = Debug|Any CPU
		{74811C56-AC1C-46F8-B448-EFAEA45BABC4}.Debug|x86.ActiveCfg = Debug|Any CPU
		{74811C56-AC1C-46F8-B448-EFAEA45BABC4}.Debug|x86.Build.0 = Debug|Any CPU
		{74811C56-AC1C-46F8-B448-EFAEA45BABC4}.Release|Any CPU.ActiveCfg = Release|Any CPU
		{74811C56-AC1C-46F8-B448-EFAEA45BABC4}.Release|Any CPU.Build.0 = Release|Any CPU
		{74811C56-AC1C-46F8-B448-EFAEA45BABC4}.Release|x64.ActiveCfg = Release|Any CPU
		{74811C56-AC1C-46F8-B448-EFAEA45BABC4}.Release|x64.Build.0 = Release|Any CPU
		{74811C56-AC1C-46F8-B448-EFAEA45BABC4}.Release|x86.ActiveCfg = Release|Any CPU
		{74811C56-AC1C-46F8-B448-EFAEA45BABC4}.Release|x86.Build.0 = Release|Any CPU
		{2633A7E9-8FF6-4365-9EB3-7C7FB3D2D503}.Debug|Any CPU.ActiveCfg = Debug|Any CPU
		{2633A7E9-8FF6-4365-9EB3-7C7FB3D2D503}.Debug|Any CPU.Build.0 = Debug|Any CPU
		{2633A7E9-8FF6-4365-9EB3-7C7FB3D2D503}.Debug|x64.ActiveCfg = Debug|Any CPU
		{2633A7E9-8FF6-4365-9EB3-7C7FB3D2D503}.Debug|x64.Build.0 = Debug|Any CPU
		{2633A7E9-8FF6-4365-9EB3-7C7FB3D2D503}.Debug|x86.ActiveCfg = Debug|Any CPU
		{2633A7E9-8FF6-4365-9EB3-7C7FB3D2D503}.Debug|x86.Build.0 = Debug|Any CPU
		{2633A7E9-8FF6-4365-9EB3-7C7FB3D2D503}.Release|Any CPU.ActiveCfg = Release|Any CPU
		{2633A7E9-8FF6-4365-9EB3-7C7FB3D2D503}.Release|Any CPU.Build.0 = Release|Any CPU
		{2633A7E9-8FF6-4365-9EB3-7C7FB3D2D503}.Release|x64.ActiveCfg = Release|Any CPU
		{2633A7E9-8FF6-4365-9EB3-7C7FB3D2D503}.Release|x64.Build.0 = Release|Any CPU
		{2633A7E9-8FF6-4365-9EB3-7C7FB3D2D503}.Release|x86.ActiveCfg = Release|Any CPU
		{2633A7E9-8FF6-4365-9EB3-7C7FB3D2D503}.Release|x86.Build.0 = Release|Any CPU
		{A1B2C3D4-E5F6-7890-ABCD-1234567890EF}.Debug|Any CPU.ActiveCfg = Debug|Any CPU
		{A1B2C3D4-E5F6-7890-ABCD-1234567890EF}.Debug|Any CPU.Build.0 = Debug|Any CPU
		{A1B2C3D4-E5F6-7890-ABCD-1234567890EF}.Debug|x64.ActiveCfg = Debug|Any CPU
		{A1B2C3D4-E5F6-7890-ABCD-1234567890EF}.Debug|x64.Build.0 = Debug|Any CPU
		{A1B2C3D4-E5F6-7890-ABCD-1234567890EF}.Debug|x86.ActiveCfg = Debug|Any CPU
		{A1B2C3D4-E5F6-7890-ABCD-1234567890EF}.Debug|x86.Build.0 = Debug|Any CPU
		{A1B2C3D4-E5F6-7890-ABCD-1234567890EF}.Release|Any CPU.ActiveCfg = Release|Any CPU
		{A1B2C3D4-E5F6-7890-ABCD-1234567890EF}.Release|Any CPU.Build.0 = Release|Any CPU
		{A1B2C3D4-E5F6-7890-ABCD-1234567890EF}.Release|x64.ActiveCfg = Release|Any CPU
		{A1B2C3D4-E5F6-7890-ABCD-1234567890EF}.Release|x64.Build.0 = Release|Any CPU
		{A1B2C3D4-E5F6-7890-ABCD-1234567890EF}.Release|x86.ActiveCfg = Release|Any CPU
		{A1B2C3D4-E5F6-7890-ABCD-1234567890EF}.Release|x86.Build.0 = Release|Any CPU
		{FA057653-36E3-4B0A-805B-4BA75024CA5E}.Debug|Any CPU.ActiveCfg = Debug|Any CPU
		{FA057653-36E3-4B0A-805B-4BA75024CA5E}.Debug|Any CPU.Build.0 = Debug|Any CPU
		{FA057653-36E3-4B0A-805B-4BA75024CA5E}.Debug|x64.ActiveCfg = Debug|Any CPU
		{FA057653-36E3-4B0A-805B-4BA75024CA5E}.Debug|x64.Build.0 = Debug|Any CPU
		{FA057653-36E3-4B0A-805B-4BA75024CA5E}.Debug|x86.ActiveCfg = Debug|Any CPU
		{FA057653-36E3-4B0A-805B-4BA75024CA5E}.Debug|x86.Build.0 = Debug|Any CPU
		{FA057653-36E3-4B0A-805B-4BA75024CA5E}.Release|Any CPU.ActiveCfg = Release|Any CPU
		{FA057653-36E3-4B0A-805B-4BA75024CA5E}.Release|Any CPU.Build.0 = Release|Any CPU
		{FA057653-36E3-4B0A-805B-4BA75024CA5E}.Release|x64.ActiveCfg = Release|Any CPU
		{FA057653-36E3-4B0A-805B-4BA75024CA5E}.Release|x64.Build.0 = Release|Any CPU
		{FA057653-36E3-4B0A-805B-4BA75024CA5E}.Release|x86.ActiveCfg = Release|Any CPU
		{FA057653-36E3-4B0A-805B-4BA75024CA5E}.Release|x86.Build.0 = Release|Any CPU
		{13E4A42D-7232-45D0-B393-CB08926F92DF}.Debug|Any CPU.ActiveCfg = Debug|Any CPU
		{13E4A42D-7232-45D0-B393-CB08926F92DF}.Debug|Any CPU.Build.0 = Debug|Any CPU
		{13E4A42D-7232-45D0-B393-CB08926F92DF}.Debug|x64.ActiveCfg = Debug|Any CPU
		{13E4A42D-7232-45D0-B393-CB08926F92DF}.Debug|x64.Build.0 = Debug|Any CPU
		{13E4A42D-7232-45D0-B393-CB08926F92DF}.Debug|x86.ActiveCfg = Debug|Any CPU
		{13E4A42D-7232-45D0-B393-CB08926F92DF}.Debug|x86.Build.0 = Debug|Any CPU
		{13E4A42D-7232-45D0-B393-CB08926F92DF}.Release|Any CPU.ActiveCfg = Release|Any CPU
		{13E4A42D-7232-45D0-B393-CB08926F92DF}.Release|Any CPU.Build.0 = Release|Any CPU
		{13E4A42D-7232-45D0-B393-CB08926F92DF}.Release|x64.ActiveCfg = Release|Any CPU
		{13E4A42D-7232-45D0-B393-CB08926F92DF}.Release|x64.Build.0 = Release|Any CPU
		{13E4A42D-7232-45D0-B393-CB08926F92DF}.Release|x86.ActiveCfg = Release|Any CPU
		{13E4A42D-7232-45D0-B393-CB08926F92DF}.Release|x86.Build.0 = Release|Any CPU
		{DB01186E-C00C-4C0B-9A9F-3D1BBB80D30B}.Debug|Any CPU.ActiveCfg = Debug|Any CPU
		{DB01186E-C00C-4C0B-9A9F-3D1BBB80D30B}.Debug|Any CPU.Build.0 = Debug|Any CPU
		{DB01186E-C00C-4C0B-9A9F-3D1BBB80D30B}.Debug|x64.ActiveCfg = Debug|Any CPU
		{DB01186E-C00C-4C0B-9A9F-3D1BBB80D30B}.Debug|x64.Build.0 = Debug|Any CPU
		{DB01186E-C00C-4C0B-9A9F-3D1BBB80D30B}.Debug|x86.ActiveCfg = Debug|Any CPU
		{DB01186E-C00C-4C0B-9A9F-3D1BBB80D30B}.Debug|x86.Build.0 = Debug|Any CPU
		{DB01186E-C00C-4C0B-9A9F-3D1BBB80D30B}.Release|Any CPU.ActiveCfg = Release|Any CPU
		{DB01186E-C00C-4C0B-9A9F-3D1BBB80D30B}.Release|Any CPU.Build.0 = Release|Any CPU
		{DB01186E-C00C-4C0B-9A9F-3D1BBB80D30B}.Release|x64.ActiveCfg = Release|Any CPU
		{DB01186E-C00C-4C0B-9A9F-3D1BBB80D30B}.Release|x64.Build.0 = Release|Any CPU
		{DB01186E-C00C-4C0B-9A9F-3D1BBB80D30B}.Release|x86.ActiveCfg = Release|Any CPU
		{DB01186E-C00C-4C0B-9A9F-3D1BBB80D30B}.Release|x86.Build.0 = Release|Any CPU
		{426C661D-BB8C-404E-B6A7-E0AB1BCEA243}.Debug|Any CPU.ActiveCfg = Debug|Any CPU
		{426C661D-BB8C-404E-B6A7-E0AB1BCEA243}.Debug|Any CPU.Build.0 = Debug|Any CPU
		{426C661D-BB8C-404E-B6A7-E0AB1BCEA243}.Debug|x64.ActiveCfg = Debug|Any CPU
		{426C661D-BB8C-404E-B6A7-E0AB1BCEA243}.Debug|x64.Build.0 = Debug|Any CPU
		{426C661D-BB8C-404E-B6A7-E0AB1BCEA243}.Debug|x86.ActiveCfg = Debug|Any CPU
		{426C661D-BB8C-404E-B6A7-E0AB1BCEA243}.Debug|x86.Build.0 = Debug|Any CPU
		{426C661D-BB8C-404E-B6A7-E0AB1BCEA243}.Release|Any CPU.ActiveCfg = Release|Any CPU
		{426C661D-BB8C-404E-B6A7-E0AB1BCEA243}.Release|Any CPU.Build.0 = Release|Any CPU
		{426C661D-BB8C-404E-B6A7-E0AB1BCEA243}.Release|x64.ActiveCfg = Release|Any CPU
		{426C661D-BB8C-404E-B6A7-E0AB1BCEA243}.Release|x64.Build.0 = Release|Any CPU
		{426C661D-BB8C-404E-B6A7-E0AB1BCEA243}.Release|x86.ActiveCfg = Release|Any CPU
		{426C661D-BB8C-404E-B6A7-E0AB1BCEA243}.Release|x86.Build.0 = Release|Any CPU
		{460BE447-FAB5-4FFB-89C3-5C5872994C4F}.Debug|Any CPU.ActiveCfg = Debug|Any CPU
		{460BE447-FAB5-4FFB-89C3-5C5872994C4F}.Debug|Any CPU.Build.0 = Debug|Any CPU
		{460BE447-FAB5-4FFB-89C3-5C5872994C4F}.Debug|x64.ActiveCfg = Debug|Any CPU
		{460BE447-FAB5-4FFB-89C3-5C5872994C4F}.Debug|x64.Build.0 = Debug|Any CPU
		{460BE447-FAB5-4FFB-89C3-5C5872994C4F}.Debug|x86.ActiveCfg = Debug|Any CPU
		{460BE447-FAB5-4FFB-89C3-5C5872994C4F}.Debug|x86.Build.0 = Debug|Any CPU
		{460BE447-FAB5-4FFB-89C3-5C5872994C4F}.Release|Any CPU.ActiveCfg = Release|Any CPU
		{460BE447-FAB5-4FFB-89C3-5C5872994C4F}.Release|Any CPU.Build.0 = Release|Any CPU
		{460BE447-FAB5-4FFB-89C3-5C5872994C4F}.Release|x64.ActiveCfg = Release|Any CPU
		{460BE447-FAB5-4FFB-89C3-5C5872994C4F}.Release|x64.Build.0 = Release|Any CPU
		{460BE447-FAB5-4FFB-89C3-5C5872994C4F}.Release|x86.ActiveCfg = Release|Any CPU
		{460BE447-FAB5-4FFB-89C3-5C5872994C4F}.Release|x86.Build.0 = Release|Any CPU
		{A27E77BE-E079-45F8-8987-13E0814F7092}.Debug|Any CPU.ActiveCfg = Debug|Any CPU
		{A27E77BE-E079-45F8-8987-13E0814F7092}.Debug|Any CPU.Build.0 = Debug|Any CPU
		{A27E77BE-E079-45F8-8987-13E0814F7092}.Debug|x64.ActiveCfg = Debug|Any CPU
		{A27E77BE-E079-45F8-8987-13E0814F7092}.Debug|x64.Build.0 = Debug|Any CPU
		{A27E77BE-E079-45F8-8987-13E0814F7092}.Debug|x86.ActiveCfg = Debug|Any CPU
		{A27E77BE-E079-45F8-8987-13E0814F7092}.Debug|x86.Build.0 = Debug|Any CPU
		{A27E77BE-E079-45F8-8987-13E0814F7092}.Release|Any CPU.ActiveCfg = Release|Any CPU
		{A27E77BE-E079-45F8-8987-13E0814F7092}.Release|Any CPU.Build.0 = Release|Any CPU
		{A27E77BE-E079-45F8-8987-13E0814F7092}.Release|x64.ActiveCfg = Release|Any CPU
		{A27E77BE-E079-45F8-8987-13E0814F7092}.Release|x64.Build.0 = Release|Any CPU
		{A27E77BE-E079-45F8-8987-13E0814F7092}.Release|x86.ActiveCfg = Release|Any CPU
		{A27E77BE-E079-45F8-8987-13E0814F7092}.Release|x86.Build.0 = Release|Any CPU
		{A0C43EC0-0E39-4EB8-95C9-509565C86750}.Debug|Any CPU.ActiveCfg = Debug|Any CPU
		{A0C43EC0-0E39-4EB8-95C9-509565C86750}.Debug|Any CPU.Build.0 = Debug|Any CPU
		{A0C43EC0-0E39-4EB8-95C9-509565C86750}.Debug|x64.ActiveCfg = Debug|Any CPU
		{A0C43EC0-0E39-4EB8-95C9-509565C86750}.Debug|x64.Build.0 = Debug|Any CPU
		{A0C43EC0-0E39-4EB8-95C9-509565C86750}.Debug|x86.ActiveCfg = Debug|Any CPU
		{A0C43EC0-0E39-4EB8-95C9-509565C86750}.Debug|x86.Build.0 = Debug|Any CPU
		{A0C43EC0-0E39-4EB8-95C9-509565C86750}.Release|Any CPU.ActiveCfg = Release|Any CPU
		{A0C43EC0-0E39-4EB8-95C9-509565C86750}.Release|Any CPU.Build.0 = Release|Any CPU
		{A0C43EC0-0E39-4EB8-95C9-509565C86750}.Release|x64.ActiveCfg = Release|Any CPU
		{A0C43EC0-0E39-4EB8-95C9-509565C86750}.Release|x64.Build.0 = Release|Any CPU
		{A0C43EC0-0E39-4EB8-95C9-509565C86750}.Release|x86.ActiveCfg = Release|Any CPU
		{A0C43EC0-0E39-4EB8-95C9-509565C86750}.Release|x86.Build.0 = Release|Any CPU
	EndGlobalSection
	GlobalSection(SolutionProperties) = preSolution
		HideSolutionNode = FALSE
	EndGlobalSection
	GlobalSection(NestedProjects) = preSolution
		{460BE447-FAB5-4FFB-89C3-5C5872994C4F} = {E893100A-C549-56E8-3D30-1C099F62E66D}
		{A27E77BE-E079-45F8-8987-13E0814F7092} = {E893100A-C549-56E8-3D30-1C099F62E66D}
		{A0C43EC0-0E39-4EB8-95C9-509565C86750} = {E893100A-C549-56E8-3D30-1C099F62E66D}
	EndGlobalSection
	GlobalSection(ExtensibilityGlobals) = postSolution
		SolutionGuid = {CC2323F0-D9DD-4841-BA97-5F10C426F938}
	EndGlobalSection
EndGlobal
